
Microsoft Visual Studio Solution File, Format Version 12.00
# Visual Studio Version 16
VisualStudioVersion = 16.0.32106.194
MinimumVisualStudioVersion = 10.0.40219.1
Project("{9A19103F-16F7-4668-BE54-9A1E7A4F7556}") = "BetterExpertRarity", "BetterExpertRarity.csproj", "{DD402B48-CFED-46D8-B59F-ED41E2F2885A}"
EndProject
Global
	GlobalSection(SolutionConfigurationPlatforms) = preSolution
		Debug|Any CPU = Debug|Any CPU
		Release|Any CPU = Release|Any CPU
	EndGlobalSection
	GlobalSection(ProjectConfigurationPlatforms) = postSolution
		{DD402B48-CFED-46D8-B59F-ED41E2F2885A}.Debug|Any CPU.ActiveCfg = Debug|Any CPU
		{DD402B48-CFED-46D8-B59F-ED41E2F2885A}.Debug|Any CPU.Build.0 = Debug|Any CPU
		{DD402B48-CFED-46D8-B59F-ED41E2F2885A}.Release|Any CPU.ActiveCfg = Release|Any CPU
		{DD402B48-CFED-46D8-B59F-ED41E2F2885A}.Release|Any CPU.Build.0 = Release|Any CPU
	EndGlobalSection
	GlobalSection(SolutionProperties) = preSolution
		HideSolutionNode = FALSE
	EndGlobalSection
	GlobalSection(ExtensibilityGlobals) = postSolution
		SolutionGuid = {15139925-0598-4073-B9C2-4EDF53A884C4}
	EndGlobalSection
EndGlobal
